
Microsoft Visual Studio Solution File, Format Version 12.00
# Visual Studio 15
VisualStudioVersion = 15.0.28010.2016
MinimumVisualStudioVersion = 10.0.40219.1
Project("{8BC9CEB8-8B4A-11D0-8D11-00A0C91BC942}") = "DoubleBuffering", "DoubleBuffering\DoubleBuffering.vcxproj", "{EA5A4BD6-4E1E-4243-B596-4134EDFB599D}"
EndProject
Global
	GlobalSection(SolutionConfigurationPlatforms) = preSolution
		Debug|x64 = Debug|x64
		Debug|x86 = Debug|x86
		Release|x64 = Release|x64
		Release|x86 = Release|x86
	EndGlobalSection
	GlobalSection(ProjectConfigurationPlatforms) = postSolution
		{EA5A4BD6-4E1E-4243-B596-4134EDFB599D}.Debug|x64.ActiveCfg = Debug|x64
		{EA5A4BD6-4E1E-4243-B596-4134EDFB599D}.Debug|x64.Build.0 = Debug|x64
		{EA5A4BD6-4E1E-4243-B596-4134EDFB599D}.Debug|x86.ActiveCfg = Debug|Win32
		{EA5A4BD6-4E1E-4243-B596-4134EDFB599D}.Debug|x86.Build.0 = Debug|Win32
		{EA5A4BD6-4E1E-4243-B596-4134EDFB599D}.Release|x64.ActiveCfg = Release|x64
		{EA5A4BD6-4E1E-4243-B596-4134EDFB599D}.Release|x64.Build.0 = Release|x64
		{EA5A4BD6-4E1E-4243-B596-4134EDFB599D}.Release|x86.ActiveCfg = Release|Win32
		{EA5A4BD6-4E1E-4243-B596-4134EDFB599D}.Release|x86.Build.0 = Release|Win32
	EndGlobalSection
	GlobalSection(SolutionProperties) = preSolution
		HideSolutionNode = FALSE
	EndGlobalSection
	GlobalSection(ExtensibilityGlobals) = postSolution
		SolutionGuid = {9F71016F-98B8-4649-9B7C-A3F6EC98D94C}
	EndGlobalSection
EndGlobal
